{
  "name": "PortfolioOfParamaet-main",
  "lockfileVersion": 3,
  "requires": true,
  "packages": {},
  
  "build": "npm run generate-html && vite build",
  "generate-html": "mkdir -p dist && cp index2.html dist/",
  "build": "npm run generate-html && vite build",
  "generate-html": "mkdir -p dist && cp aboutMe.html dist/",
  "build": "npm run generate-html && vite build",
  "generate-html": "mkdir -p dist && cp contact.html dist/",
  "build": "npm run generate-html && vite build",
  "generate-html": "mkdir -p dist && cp project.html dist/",
  "build": "npm run generate-html && vite build",
  "generate-html": "mkdir -p dist && cp workExperience.html dist/",
  "build": "npm run generate-html && vite build",
  "generate-html": "mkdir -p dist && cp styles.css dist/"
}


